
Microsoft Visual Studio Solution File, Format Version 12.00
# Visual Studio Version 17
VisualStudioVersion = 17.3.32922.545
MinimumVisualStudioVersion = 10.0.40219.1
Project("{FAE04EC0-301F-11D3-BF4B-00C04F79EFBC}") = "Biblioteka-AS", "Biblioteka-AS\Biblioteka-AS.csproj", "{BC8F81C5-8D47-408E-A828-0E88754B43F8}"
EndProject
Global
	GlobalSection(SolutionConfigurationPlatforms) = preSolution
		Debug|Any CPU = Debug|Any CPU
		Release|Any CPU = Release|Any CPU
	EndGlobalSection
	GlobalSection(ProjectConfigurationPlatforms) = postSolution
		{BC8F81C5-8D47-408E-A828-0E88754B43F8}.Debug|Any CPU.ActiveCfg = Debug|Any CPU
		{BC8F81C5-8D47-408E-A828-0E88754B43F8}.Debug|Any CPU.Build.0 = Debug|Any CPU
		{BC8F81C5-8D47-408E-A828-0E88754B43F8}.Release|Any CPU.ActiveCfg = Release|Any CPU
		{BC8F81C5-8D47-408E-A828-0E88754B43F8}.Release|Any CPU.Build.0 = Release|Any CPU
	EndGlobalSection
	GlobalSection(SolutionProperties) = preSolution
		HideSolutionNode = FALSE
	EndGlobalSection
	GlobalSection(ExtensibilityGlobals) = postSolution
		SolutionGuid = {9107D039-E710-4C9A-8CA7-5AB449FA65C5}
	EndGlobalSection
EndGlobal
